
Microsoft Visual Studio Solution File, Format Version 12.00
# Visual Studio Version 16
VisualStudioVersion = 16.0.31205.134
MinimumVisualStudioVersion = 10.0.40219.1
Project("{888888A0-9F3D-457C-B088-3A5042F75D52}") = "Lab7", "Lab7.pyproj", "{A899B675-171E-46B0-BBEE-0B77DF48DEA2}"
EndProject
Global
	GlobalSection(SolutionConfigurationPlatforms) = preSolution
		Debug|Any CPU = Debug|Any CPU
		Release|Any CPU = Release|Any CPU
	EndGlobalSection
	GlobalSection(ProjectConfigurationPlatforms) = postSolution
		{A899B675-171E-46B0-BBEE-0B77DF48DEA2}.Debug|Any CPU.ActiveCfg = Debug|Any CPU
		{A899B675-171E-46B0-BBEE-0B77DF48DEA2}.Release|Any CPU.ActiveCfg = Release|Any CPU
	EndGlobalSection
	GlobalSection(SolutionProperties) = preSolution
		HideSolutionNode = FALSE
	EndGlobalSection
	GlobalSection(ExtensibilityGlobals) = postSolution
		SolutionGuid = {84952A66-CB83-4415-A434-EA241DCD15D5}
	EndGlobalSection
EndGlobal
