
Microsoft Visual Studio Solution File, Format Version 12.00
# Visual Studio Version 16
VisualStudioVersion = 16.0.31112.23
MinimumVisualStudioVersion = 10.0.40219.1
Project("{888888A0-9F3D-457C-B088-3A5042F75D52}") = "Lab6", "Lab6.pyproj", "{9CEF5803-9FE6-4F2F-9B3E-B1C42FDDB38A}"
EndProject
Global
	GlobalSection(SolutionConfigurationPlatforms) = preSolution
		Debug|Any CPU = Debug|Any CPU
		Release|Any CPU = Release|Any CPU
	EndGlobalSection
	GlobalSection(ProjectConfigurationPlatforms) = postSolution
		{9CEF5803-9FE6-4F2F-9B3E-B1C42FDDB38A}.Debug|Any CPU.ActiveCfg = Debug|Any CPU
		{9CEF5803-9FE6-4F2F-9B3E-B1C42FDDB38A}.Release|Any CPU.ActiveCfg = Release|Any CPU
	EndGlobalSection
	GlobalSection(SolutionProperties) = preSolution
		HideSolutionNode = FALSE
	EndGlobalSection
	GlobalSection(ExtensibilityGlobals) = postSolution
		SolutionGuid = {E44595AB-C997-4232-BB28-DE670D2F384C}
	EndGlobalSection
EndGlobal
